
Microsoft Visual Studio Solution File, Format Version 12.00
# Visual Studio 15
VisualStudioVersion = 15.0.28307.136
MinimumVisualStudioVersion = 10.0.40219.1
Project("{FAE04EC0-301F-11D3-BF4B-00C04F79EFBC}") = "RebensAPI", "RebensAPI\RebensAPI.csproj", "{D77C9B14-8EB0-4BE9-B4B8-C0B268A40167}"
EndProject
Global
	GlobalSection(SolutionConfigurationPlatforms) = preSolution
		Debug|Any CPU = Debug|Any CPU
		Release|Any CPU = Release|Any CPU
	EndGlobalSection
	GlobalSection(ProjectConfigurationPlatforms) = postSolution
		{D77C9B14-8EB0-4BE9-B4B8-C0B268A40167}.Debug|Any CPU.ActiveCfg = Debug|Any CPU
		{D77C9B14-8EB0-4BE9-B4B8-C0B268A40167}.Debug|Any CPU.Build.0 = Debug|Any CPU
		{D77C9B14-8EB0-4BE9-B4B8-C0B268A40167}.Release|Any CPU.ActiveCfg = Release|Any CPU
		{D77C9B14-8EB0-4BE9-B4B8-C0B268A40167}.Release|Any CPU.Build.0 = Release|Any CPU
	EndGlobalSection
	GlobalSection(SolutionProperties) = preSolution
		HideSolutionNode = FALSE
	EndGlobalSection
	GlobalSection(ExtensibilityGlobals) = postSolution
		SolutionGuid = {40CE57DD-3D7F-4AD7-A053-253D4FEEBDE5}
	EndGlobalSection
EndGlobal
